
Microsoft Visual Studio Solution File, Format Version 12.00
# Visual Studio 15
VisualStudioVersion = 15.0.28307.757
MinimumVisualStudioVersion = 10.0.40219.1
Project("{FAE04EC0-301F-11D3-BF4B-00C04F79EFBC}") = "PongOpenGl", "Exercicio02\Exercicio02\PongOpenGl.csproj", "{DAA484A1-5FB0-4218-80C1-F5D58D8AB5C7}"
EndProject
Global
	GlobalSection(SolutionConfigurationPlatforms) = preSolution
		Debug|Any CPU = Debug|Any CPU
		Release|Any CPU = Release|Any CPU
	EndGlobalSection
	GlobalSection(ProjectConfigurationPlatforms) = postSolution
		{DAA484A1-5FB0-4218-80C1-F5D58D8AB5C7}.Debug|Any CPU.ActiveCfg = Debug|Any CPU
		{DAA484A1-5FB0-4218-80C1-F5D58D8AB5C7}.Debug|Any CPU.Build.0 = Debug|Any CPU
		{DAA484A1-5FB0-4218-80C1-F5D58D8AB5C7}.Release|Any CPU.ActiveCfg = Release|Any CPU
		{DAA484A1-5FB0-4218-80C1-F5D58D8AB5C7}.Release|Any CPU.Build.0 = Release|Any CPU
	EndGlobalSection
	GlobalSection(SolutionProperties) = preSolution
		HideSolutionNode = FALSE
	EndGlobalSection
	GlobalSection(ExtensibilityGlobals) = postSolution
		SolutionGuid = {F8FD6F78-0317-4384-9B0E-1F7111A6B2D1}
	EndGlobalSection
EndGlobal
